
Microsoft Visual Studio Solution File, Format Version 12.00
# Visual Studio Version 17
VisualStudioVersion = 17.11.35312.102
MinimumVisualStudioVersion = 10.0.40219.1
Project("{FAE04EC0-301F-11D3-BF4B-00C04F79EFBC}") = "DosyalaraYazıYazmak", "DosyalaraYazıYazmak\DosyalaraYazıYazmak.csproj", "{EB3707AB-1104-492E-8EFE-C1C6B4143D98}"
EndProject
Global
	GlobalSection(SolutionConfigurationPlatforms) = preSolution
		Debug|Any CPU = Debug|Any CPU
		Release|Any CPU = Release|Any CPU
	EndGlobalSection
	GlobalSection(ProjectConfigurationPlatforms) = postSolution
		{EB3707AB-1104-492E-8EFE-C1C6B4143D98}.Debug|Any CPU.ActiveCfg = Debug|Any CPU
		{EB3707AB-1104-492E-8EFE-C1C6B4143D98}.Debug|Any CPU.Build.0 = Debug|Any CPU
		{EB3707AB-1104-492E-8EFE-C1C6B4143D98}.Release|Any CPU.ActiveCfg = Release|Any CPU
		{EB3707AB-1104-492E-8EFE-C1C6B4143D98}.Release|Any CPU.Build.0 = Release|Any CPU
	EndGlobalSection
	GlobalSection(SolutionProperties) = preSolution
		HideSolutionNode = FALSE
	EndGlobalSection
	GlobalSection(ExtensibilityGlobals) = postSolution
		SolutionGuid = {79929335-DAB9-4510-B9F9-26E88E8AB134}
	EndGlobalSection
EndGlobal
